
Microsoft Visual Studio Solution File, Format Version 12.00
# Visual Studio Version 17
VisualStudioVersion = 17.5.002.0
MinimumVisualStudioVersion = 10.0.40219.1
Project("{9A19103F-16F7-4668-BE54-9A1E7A4F7556}") = "Mediasorter", "Mediasorter\Mediasorter.csproj", "{7F4E03BC-8934-406C-A1E7-83F9A5FCDCAE}"
EndProject
Project("{9A19103F-16F7-4668-BE54-9A1E7A4F7556}") = "Mediasorter.Tests", "Mediasorter.Tests\Mediasorter.Tests.csproj", "{2FB3F295-B23D-4E72-A06C-D09B4EC7FCA0}"
EndProject
Global
	GlobalSection(SolutionConfigurationPlatforms) = preSolution
		Debug|Any CPU = Debug|Any CPU
		Release|Any CPU = Release|Any CPU
	EndGlobalSection
	GlobalSection(ProjectConfigurationPlatforms) = postSolution
		{7F4E03BC-8934-406C-A1E7-83F9A5FCDCAE}.Debug|Any CPU.ActiveCfg = Debug|Any CPU
		{7F4E03BC-8934-406C-A1E7-83F9A5FCDCAE}.Debug|Any CPU.Build.0 = Debug|Any CPU
		{7F4E03BC-8934-406C-A1E7-83F9A5FCDCAE}.Release|Any CPU.ActiveCfg = Release|Any CPU
		{7F4E03BC-8934-406C-A1E7-83F9A5FCDCAE}.Release|Any CPU.Build.0 = Release|Any CPU
		{2FB3F295-B23D-4E72-A06C-D09B4EC7FCA0}.Debug|Any CPU.ActiveCfg = Debug|Any CPU
		{2FB3F295-B23D-4E72-A06C-D09B4EC7FCA0}.Debug|Any CPU.Build.0 = Debug|Any CPU
		{2FB3F295-B23D-4E72-A06C-D09B4EC7FCA0}.Release|Any CPU.ActiveCfg = Release|Any CPU
		{2FB3F295-B23D-4E72-A06C-D09B4EC7FCA0}.Release|Any CPU.Build.0 = Release|Any CPU
	EndGlobalSection
	GlobalSection(SolutionProperties) = preSolution
		HideSolutionNode = FALSE
	EndGlobalSection
	GlobalSection(ExtensibilityGlobals) = postSolution
		SolutionGuid = {E340964B-559C-4A76-AC2C-3D7CE6F1668D}
	EndGlobalSection
EndGlobal
