
Microsoft Visual Studio Solution File, Format Version 12.00
# Visual Studio Version 17
VisualStudioVersion = 17.5.002.0
MinimumVisualStudioVersion = 10.0.40219.1
Project("{9A19103F-16F7-4668-BE54-9A1E7A4F7556}") = "mediasorter", "mediasorter.csproj", "{FBF67939-4EF4-4C5C-B683-F942569FDEEE}"
EndProject
Global
	GlobalSection(SolutionConfigurationPlatforms) = preSolution
		Debug|Any CPU = Debug|Any CPU
		Release|Any CPU = Release|Any CPU
	EndGlobalSection
	GlobalSection(ProjectConfigurationPlatforms) = postSolution
		{FBF67939-4EF4-4C5C-B683-F942569FDEEE}.Debug|Any CPU.ActiveCfg = Debug|Any CPU
		{FBF67939-4EF4-4C5C-B683-F942569FDEEE}.Debug|Any CPU.Build.0 = Debug|Any CPU
		{FBF67939-4EF4-4C5C-B683-F942569FDEEE}.Release|Any CPU.ActiveCfg = Release|Any CPU
		{FBF67939-4EF4-4C5C-B683-F942569FDEEE}.Release|Any CPU.Build.0 = Release|Any CPU
	EndGlobalSection
	GlobalSection(SolutionProperties) = preSolution
		HideSolutionNode = FALSE
	EndGlobalSection
	GlobalSection(ExtensibilityGlobals) = postSolution
		SolutionGuid = {E340964B-559C-4A76-AC2C-3D7CE6F1668D}
	EndGlobalSection
EndGlobal
